
Microsoft Visual Studio Solution File, Format Version 12.00
Project("{FAE04EC0-301F-11D3-BF4B-00C04F79EFBC}") = "ImTool", "ImTool\ImTool.csproj", "{EF0DA234-247D-475C-9A2F-9359C4C0295A}"
EndProject
Project("{FAE04EC0-301F-11D3-BF4B-00C04F79EFBC}") = "Demo", "Demo\Demo.csproj", "{FFF4ACF5-E635-451C-BB67-B8F9ED1CBA66}"
EndProject
Project("{2150E333-8FDC-42A3-9474-1A3956D46DE8}") = "Solution files", "Solution files", "{F405DCF5-EB26-411F-B8B4-72CD172470DA}"
ProjectSection(SolutionItems) = preProject
	.gitattributes = .gitattributes
	.gitignore = .gitignore
	LICENSE = LICENSE
	README.md = README.md
	.gitmodules = .gitmodules
	publish.bat = publish.bat
	.github\workflows\buildAndPublish.yml = .github\workflows\buildAndPublish.yml
	ImTool.targets = ImTool.targets
EndProjectSection
EndProject
Global
	GlobalSection(SolutionConfigurationPlatforms) = preSolution
		Debug|Any CPU = Debug|Any CPU
		Release|Any CPU = Release|Any CPU
	EndGlobalSection
	GlobalSection(ProjectConfigurationPlatforms) = postSolution
		{EF0DA234-247D-475C-9A2F-9359C4C0295A}.Debug|Any CPU.ActiveCfg = Debug|Any CPU
		{EF0DA234-247D-475C-9A2F-9359C4C0295A}.Debug|Any CPU.Build.0 = Debug|Any CPU
		{EF0DA234-247D-475C-9A2F-9359C4C0295A}.Release|Any CPU.ActiveCfg = Release|Any CPU
		{EF0DA234-247D-475C-9A2F-9359C4C0295A}.Release|Any CPU.Build.0 = Release|Any CPU
		{FFF4ACF5-E635-451C-BB67-B8F9ED1CBA66}.Debug|Any CPU.ActiveCfg = Debug|Any CPU
		{FFF4ACF5-E635-451C-BB67-B8F9ED1CBA66}.Debug|Any CPU.Build.0 = Debug|Any CPU
		{FFF4ACF5-E635-451C-BB67-B8F9ED1CBA66}.Release|Any CPU.ActiveCfg = Release|Any CPU
		{FFF4ACF5-E635-451C-BB67-B8F9ED1CBA66}.Release|Any CPU.Build.0 = Release|Any CPU
	EndGlobalSection
	GlobalSection(NestedProjects) = preSolution
	EndGlobalSection
EndGlobal
