
Microsoft Visual Studio Solution File, Format Version 12.00
Project("{FAE04EC0-301F-11D3-BF4B-00C04F79EFBC}") = "ImTool", "ImTool\ImTool.csproj", "{EF0DA234-247D-475C-9A2F-9359C4C0295A}"
EndProject
Project("{FAE04EC0-301F-11D3-BF4B-00C04F79EFBC}") = "Demo", "Demo\Demo.csproj", "{FFF4ACF5-E635-451C-BB67-B8F9ED1CBA66}"
EndProject
Project("{2150E333-8FDC-42A3-9474-1A3956D46DE8}") = "ImTool", "ImTool", "{F405DCF5-EB26-411F-B8B4-72CD172470DA}"
ProjectSection(SolutionItems) = preProject
	.gitattributes = .gitattributes
	.gitignore = .gitignore
	LICENSE = LICENSE
	README.md = README.md
	.gitmodules = .gitmodules
	publish.bat = publish.bat
EndProjectSection
EndProject
Project("{2150E333-8FDC-42A3-9474-1A3956D46DE8}") = "Lib", "Lib", "{92EC52FD-84FD-44B0-B90E-FB80F3EA7096}"
EndProject
Project("{FAE04EC0-301F-11D3-BF4B-00C04F79EFBC}") = "ImGui.NET", "ImTool\Lib\ImGui.Net\src\ImGui.NET\ImGui.NET.csproj", "{D07CF915-E425-48D6-872C-48687C33AA0D}"
EndProject
Project("{FAE04EC0-301F-11D3-BF4B-00C04F79EFBC}") = "ImGuizmo.NET", "ImTool\Lib\ImGui.Net\src\ImGuizmo.NET\ImGuizmo.NET.csproj", "{2E2206A7-223F-41B5-B131-266AE1A0F237}"
EndProject
Project("{FAE04EC0-301F-11D3-BF4B-00C04F79EFBC}") = "ImNodes.NET", "ImTool\Lib\ImGui.Net\src\ImNodes.NET\ImNodes.NET.csproj", "{F173777C-E99C-43EB-ADAE-F3F0BFC60252}"
EndProject
Project("{FAE04EC0-301F-11D3-BF4B-00C04F79EFBC}") = "ImPlot.NET", "ImTool\Lib\ImGui.Net\src\ImPlot.NET\ImPlot.NET.csproj", "{15773CE3-9A33-495B-A730-A5E93FF0DFBE}"
EndProject
Project("{FAE04EC0-301F-11D3-BF4B-00C04F79EFBC}") = "Veldrid", "ImTool\Lib\Veldrid\src\Veldrid\Veldrid.csproj", "{570CDA72-2876-4EDD-842B-1316A09382E6}"
EndProject
Project("{FAE04EC0-301F-11D3-BF4B-00C04F79EFBC}") = "Veldrid.ImGui", "ImTool\Lib\Veldrid\src\Veldrid.ImGui\Veldrid.ImGui.csproj", "{23E1FA11-999A-42C0-997D-2E1E9FB9E2D3}"
EndProject
Project("{FAE04EC0-301F-11D3-BF4B-00C04F79EFBC}") = "Veldrid.MetalBindings", "ImTool\Lib\Veldrid\src\Veldrid.MetalBindings\Veldrid.MetalBindings.csproj", "{8751FD6E-2540-4484-AE3B-F90BF0ACA1D9}"
EndProject
Project("{FAE04EC0-301F-11D3-BF4B-00C04F79EFBC}") = "Veldrid.OpenGLBindings", "ImTool\Lib\Veldrid\src\Veldrid.OpenGLBindings\Veldrid.OpenGLBindings.csproj", "{994ED7E3-4F26-4690-A229-0E1EAB447455}"
EndProject
Project("{FAE04EC0-301F-11D3-BF4B-00C04F79EFBC}") = "Veldrid.SDL2", "ImTool\Lib\Veldrid\src\Veldrid.SDL2\Veldrid.SDL2.csproj", "{C6E35D50-7E7F-4A24-9838-CFE35997E2DE}"
EndProject
Project("{FAE04EC0-301F-11D3-BF4B-00C04F79EFBC}") = "Veldrid.ImageSharp", "ImTool\Lib\Veldrid\src\Veldrid.ImageSharp\Veldrid.ImageSharp.csproj", "{D9314F4C-ECE3-4C66-AC60-8461FB0C3F85}"
EndProject
Project("{FAE04EC0-301F-11D3-BF4B-00C04F79EFBC}") = "Veldrid.RenderDoc", "ImTool\Lib\Veldrid\src\Veldrid.RenderDoc\Veldrid.RenderDoc.csproj", "{00F06F0E-74A2-4708-83F9-E79585AD8049}"
EndProject
Project("{FAE04EC0-301F-11D3-BF4B-00C04F79EFBC}") = "Veldrid.StartupUtilities", "ImTool\Lib\Veldrid\src\Veldrid.StartupUtilities\Veldrid.StartupUtilities.csproj", "{7D3EFB2C-601E-4833-9E27-9AEB0F6BE7AD}"
EndProject
Project("{FAE04EC0-301F-11D3-BF4B-00C04F79EFBC}") = "Veldrid.Utilities", "ImTool\Lib\Veldrid\src\Veldrid.Utilities\Veldrid.Utilities.csproj", "{CCC701A2-436D-430C-A9F2-F412B7031890}"
EndProject
Global
	GlobalSection(SolutionConfigurationPlatforms) = preSolution
		Debug|Any CPU = Debug|Any CPU
		Release|Any CPU = Release|Any CPU
	EndGlobalSection
	GlobalSection(ProjectConfigurationPlatforms) = postSolution
		{EF0DA234-247D-475C-9A2F-9359C4C0295A}.Debug|Any CPU.ActiveCfg = Debug|Any CPU
		{EF0DA234-247D-475C-9A2F-9359C4C0295A}.Debug|Any CPU.Build.0 = Debug|Any CPU
		{EF0DA234-247D-475C-9A2F-9359C4C0295A}.Release|Any CPU.ActiveCfg = Release|Any CPU
		{EF0DA234-247D-475C-9A2F-9359C4C0295A}.Release|Any CPU.Build.0 = Release|Any CPU
		{FFF4ACF5-E635-451C-BB67-B8F9ED1CBA66}.Debug|Any CPU.ActiveCfg = Debug|Any CPU
		{FFF4ACF5-E635-451C-BB67-B8F9ED1CBA66}.Debug|Any CPU.Build.0 = Debug|Any CPU
		{FFF4ACF5-E635-451C-BB67-B8F9ED1CBA66}.Release|Any CPU.ActiveCfg = Release|Any CPU
		{FFF4ACF5-E635-451C-BB67-B8F9ED1CBA66}.Release|Any CPU.Build.0 = Release|Any CPU
		{D07CF915-E425-48D6-872C-48687C33AA0D}.Debug|Any CPU.ActiveCfg = Debug|Any CPU
		{D07CF915-E425-48D6-872C-48687C33AA0D}.Debug|Any CPU.Build.0 = Debug|Any CPU
		{D07CF915-E425-48D6-872C-48687C33AA0D}.Release|Any CPU.ActiveCfg = Release|Any CPU
		{D07CF915-E425-48D6-872C-48687C33AA0D}.Release|Any CPU.Build.0 = Release|Any CPU
		{2E2206A7-223F-41B5-B131-266AE1A0F237}.Debug|Any CPU.ActiveCfg = Debug|Any CPU
		{2E2206A7-223F-41B5-B131-266AE1A0F237}.Debug|Any CPU.Build.0 = Debug|Any CPU
		{2E2206A7-223F-41B5-B131-266AE1A0F237}.Release|Any CPU.ActiveCfg = Release|Any CPU
		{2E2206A7-223F-41B5-B131-266AE1A0F237}.Release|Any CPU.Build.0 = Release|Any CPU
		{F173777C-E99C-43EB-ADAE-F3F0BFC60252}.Debug|Any CPU.ActiveCfg = Debug|Any CPU
		{F173777C-E99C-43EB-ADAE-F3F0BFC60252}.Debug|Any CPU.Build.0 = Debug|Any CPU
		{F173777C-E99C-43EB-ADAE-F3F0BFC60252}.Release|Any CPU.ActiveCfg = Release|Any CPU
		{F173777C-E99C-43EB-ADAE-F3F0BFC60252}.Release|Any CPU.Build.0 = Release|Any CPU
		{15773CE3-9A33-495B-A730-A5E93FF0DFBE}.Debug|Any CPU.ActiveCfg = Debug|Any CPU
		{15773CE3-9A33-495B-A730-A5E93FF0DFBE}.Debug|Any CPU.Build.0 = Debug|Any CPU
		{15773CE3-9A33-495B-A730-A5E93FF0DFBE}.Release|Any CPU.ActiveCfg = Release|Any CPU
		{15773CE3-9A33-495B-A730-A5E93FF0DFBE}.Release|Any CPU.Build.0 = Release|Any CPU
		{570CDA72-2876-4EDD-842B-1316A09382E6}.Debug|Any CPU.ActiveCfg = Debug|Any CPU
		{570CDA72-2876-4EDD-842B-1316A09382E6}.Debug|Any CPU.Build.0 = Debug|Any CPU
		{570CDA72-2876-4EDD-842B-1316A09382E6}.Release|Any CPU.ActiveCfg = Release|Any CPU
		{570CDA72-2876-4EDD-842B-1316A09382E6}.Release|Any CPU.Build.0 = Release|Any CPU
		{23E1FA11-999A-42C0-997D-2E1E9FB9E2D3}.Debug|Any CPU.ActiveCfg = Debug|Any CPU
		{23E1FA11-999A-42C0-997D-2E1E9FB9E2D3}.Debug|Any CPU.Build.0 = Debug|Any CPU
		{23E1FA11-999A-42C0-997D-2E1E9FB9E2D3}.Release|Any CPU.ActiveCfg = Release|Any CPU
		{23E1FA11-999A-42C0-997D-2E1E9FB9E2D3}.Release|Any CPU.Build.0 = Release|Any CPU
		{8751FD6E-2540-4484-AE3B-F90BF0ACA1D9}.Debug|Any CPU.ActiveCfg = Debug|Any CPU
		{8751FD6E-2540-4484-AE3B-F90BF0ACA1D9}.Debug|Any CPU.Build.0 = Debug|Any CPU
		{8751FD6E-2540-4484-AE3B-F90BF0ACA1D9}.Release|Any CPU.ActiveCfg = Release|Any CPU
		{8751FD6E-2540-4484-AE3B-F90BF0ACA1D9}.Release|Any CPU.Build.0 = Release|Any CPU
		{994ED7E3-4F26-4690-A229-0E1EAB447455}.Debug|Any CPU.ActiveCfg = Debug|Any CPU
		{994ED7E3-4F26-4690-A229-0E1EAB447455}.Debug|Any CPU.Build.0 = Debug|Any CPU
		{994ED7E3-4F26-4690-A229-0E1EAB447455}.Release|Any CPU.ActiveCfg = Release|Any CPU
		{994ED7E3-4F26-4690-A229-0E1EAB447455}.Release|Any CPU.Build.0 = Release|Any CPU
		{C6E35D50-7E7F-4A24-9838-CFE35997E2DE}.Debug|Any CPU.ActiveCfg = Debug|Any CPU
		{C6E35D50-7E7F-4A24-9838-CFE35997E2DE}.Debug|Any CPU.Build.0 = Debug|Any CPU
		{C6E35D50-7E7F-4A24-9838-CFE35997E2DE}.Release|Any CPU.ActiveCfg = Release|Any CPU
		{C6E35D50-7E7F-4A24-9838-CFE35997E2DE}.Release|Any CPU.Build.0 = Release|Any CPU
		{D9314F4C-ECE3-4C66-AC60-8461FB0C3F85}.Debug|Any CPU.ActiveCfg = Debug|Any CPU
		{D9314F4C-ECE3-4C66-AC60-8461FB0C3F85}.Debug|Any CPU.Build.0 = Debug|Any CPU
		{D9314F4C-ECE3-4C66-AC60-8461FB0C3F85}.Release|Any CPU.ActiveCfg = Release|Any CPU
		{D9314F4C-ECE3-4C66-AC60-8461FB0C3F85}.Release|Any CPU.Build.0 = Release|Any CPU
		{00F06F0E-74A2-4708-83F9-E79585AD8049}.Debug|Any CPU.ActiveCfg = Debug|Any CPU
		{00F06F0E-74A2-4708-83F9-E79585AD8049}.Debug|Any CPU.Build.0 = Debug|Any CPU
		{00F06F0E-74A2-4708-83F9-E79585AD8049}.Release|Any CPU.ActiveCfg = Release|Any CPU
		{00F06F0E-74A2-4708-83F9-E79585AD8049}.Release|Any CPU.Build.0 = Release|Any CPU
		{7D3EFB2C-601E-4833-9E27-9AEB0F6BE7AD}.Debug|Any CPU.ActiveCfg = Debug|Any CPU
		{7D3EFB2C-601E-4833-9E27-9AEB0F6BE7AD}.Debug|Any CPU.Build.0 = Debug|Any CPU
		{7D3EFB2C-601E-4833-9E27-9AEB0F6BE7AD}.Release|Any CPU.ActiveCfg = Release|Any CPU
		{7D3EFB2C-601E-4833-9E27-9AEB0F6BE7AD}.Release|Any CPU.Build.0 = Release|Any CPU
		{CCC701A2-436D-430C-A9F2-F412B7031890}.Debug|Any CPU.ActiveCfg = Debug|Any CPU
		{CCC701A2-436D-430C-A9F2-F412B7031890}.Debug|Any CPU.Build.0 = Debug|Any CPU
		{CCC701A2-436D-430C-A9F2-F412B7031890}.Release|Any CPU.ActiveCfg = Release|Any CPU
		{CCC701A2-436D-430C-A9F2-F412B7031890}.Release|Any CPU.Build.0 = Release|Any CPU
	EndGlobalSection
	GlobalSection(NestedProjects) = preSolution
		{92EC52FD-84FD-44B0-B90E-FB80F3EA7096} = {F405DCF5-EB26-411F-B8B4-72CD172470DA}
		{D07CF915-E425-48D6-872C-48687C33AA0D} = {92EC52FD-84FD-44B0-B90E-FB80F3EA7096}
		{2E2206A7-223F-41B5-B131-266AE1A0F237} = {92EC52FD-84FD-44B0-B90E-FB80F3EA7096}
		{F173777C-E99C-43EB-ADAE-F3F0BFC60252} = {92EC52FD-84FD-44B0-B90E-FB80F3EA7096}
		{15773CE3-9A33-495B-A730-A5E93FF0DFBE} = {92EC52FD-84FD-44B0-B90E-FB80F3EA7096}
		{570CDA72-2876-4EDD-842B-1316A09382E6} = {92EC52FD-84FD-44B0-B90E-FB80F3EA7096}
		{23E1FA11-999A-42C0-997D-2E1E9FB9E2D3} = {92EC52FD-84FD-44B0-B90E-FB80F3EA7096}
		{8751FD6E-2540-4484-AE3B-F90BF0ACA1D9} = {92EC52FD-84FD-44B0-B90E-FB80F3EA7096}
		{994ED7E3-4F26-4690-A229-0E1EAB447455} = {92EC52FD-84FD-44B0-B90E-FB80F3EA7096}
		{C6E35D50-7E7F-4A24-9838-CFE35997E2DE} = {92EC52FD-84FD-44B0-B90E-FB80F3EA7096}
		{D9314F4C-ECE3-4C66-AC60-8461FB0C3F85} = {92EC52FD-84FD-44B0-B90E-FB80F3EA7096}
		{00F06F0E-74A2-4708-83F9-E79585AD8049} = {92EC52FD-84FD-44B0-B90E-FB80F3EA7096}
		{7D3EFB2C-601E-4833-9E27-9AEB0F6BE7AD} = {92EC52FD-84FD-44B0-B90E-FB80F3EA7096}
		{CCC701A2-436D-430C-A9F2-F412B7031890} = {92EC52FD-84FD-44B0-B90E-FB80F3EA7096}
	EndGlobalSection
EndGlobal
